{
  "name": "js_tutorial",
  "lockfileVersion": 2,
  "requires": true,
  "packages": {
    "": {
      "dependencies": {
        "koelbaek-palindrome": "^0.1.1"
      }
    },
    "node_modules/koelbaek-palindrome": {
      "version": "0.1.1",
      "resolved": "https://registry.npmjs.org/koelbaek-palindrome/-/koelbaek-palindrome-0.1.1.tgz",
      "integrity": "sha512-jxHTd40bwExdoyC2rG3J0RW9zN36GzNz6hY3tenYWuZIlM8SUOaCN0CMBQ0rlV3tdGFQ6IORbu7NKOghbMhr2g=="
    }
  },
  "dependencies": {
    "koelbaek-palindrome": {
      "version": "0.1.1",
      "resolved": "https://registry.npmjs.org/koelbaek-palindrome/-/koelbaek-palindrome-0.1.1.tgz",
      "integrity": "sha512-jxHTd40bwExdoyC2rG3J0RW9zN36GzNz6hY3tenYWuZIlM8SUOaCN0CMBQ0rlV3tdGFQ6IORbu7NKOghbMhr2g=="
    }
  }
}
